// !$*UTF8*$!
{
	archiveVersion = 1;
	classes = {
	};
	objectVersion = 46;
	objects = {

/* Begin PBXBuildFile section */
		3003EFC01D90E28D005E30C3 /* ZTQCityList.m in Sources */ = {isa = PBXBuildFile; fileRef = 3003EFBF1D90E28D005E30C3 /* ZTQCityList.m */; };
		300592FD1D921758001F7D61 /* CustomIndexView.m in Sources */ = {isa = PBXBuildFile; fileRef = 300592FC1D921758001F7D61 /* CustomIndexView.m */; };
		300593011D927480001F7D61 /* HotCityList.m in Sources */ = {isa = PBXBuildFile; fileRef = 300593001D927480001F7D61 /* HotCityList.m */; };
		3010AB3B1D88DAAC006567FE /* MyCollectionViewLayout.m in Sources */ = {isa = PBXBuildFile; fileRef = 3010AB3A1D88DAAC006567FE /* MyCollectionViewLayout.m */; };
		3010AB3E1D88F9BF006567FE /* ZTQCustomLabel.m in Sources */ = {isa = PBXBuildFile; fileRef = 3010AB3D1D88F9BF006567FE /* ZTQCustomLabel.m */; };
		3010AB5F1D891E6C006567FE /* BG3.png in Resources */ = {isa = PBXBuildFile; fileRef = 3010AB401D891E6C006567FE /* BG3.png */; };
		3010AB601D891E6C006567FE /* BGbaoxue.png in Resources */ = {isa = PBXBuildFile; fileRef = 3010AB411D891E6C006567FE /* BGbaoxue.png */; };
		3010AB611D891E6C006567FE /* BGbaoyu.png in Resources */ = {isa = PBXBuildFile; fileRef = 3010AB421D891E6C006567FE /* BGbaoyu.png */; };
		3010AB621D891E6C006567FE /* BGbingbao.png in Resources */ = {isa = PBXBuildFile; fileRef = 3010AB431D891E6C006567FE /* BGbingbao.png */; };
		3010AB631D891E6C006567FE /* BGdabaoyu.png in Resources */ = {isa = PBXBuildFile; fileRef = 3010AB441D891E6C006567FE /* BGdabaoyu.png */; };
		3010AB641D891E6C006567FE /* BGdaxue.png in Resources */ = {isa = PBXBuildFile; fileRef = 3010AB451D891E6C006567FE /* BGdaxue.png */; };
		3010AB651D891E6C006567FE /* BGdaxuezhuanqing.png in Resources */ = {isa = PBXBuildFile; fileRef = 3010AB461D891E6C006567FE /* BGdaxuezhuanqing.png */; };
		3010AB661D891E6C006567FE /* BGdayu.png in Resources */ = {isa = PBXBuildFile; fileRef = 3010AB471D891E6C006567FE /* BGdayu.png */; };
		3010AB671D891E6C006567FE /* BGdongyu.png in Resources */ = {isa = PBXBuildFile; fileRef = 3010AB481D891E6C006567FE /* BGdongyu.png */; };
		3010AB681D891E6C006567FE /* BGduoyun.png in Resources */ = {isa = PBXBuildFile; fileRef = 3010AB491D891E6C006567FE /* BGduoyun.png */; };
		3010AB691D891E6C006567FE /* BGjiduanjiangyu.png in Resources */ = {isa = PBXBuildFile; fileRef = 3010AB4A1D891E6C006567FE /* BGjiduanjiangyu.png */; };
		3010AB6A1D891E6C006567FE /* BGleizhenyu.png in Resources */ = {isa = PBXBuildFile; fileRef = 3010AB4B1D891E6C006567FE /* BGleizhenyu.png */; };
		3010AB6B1D891E6C006567FE /* BGleizhenyubanyoubingbao.png in Resources */ = {isa = PBXBuildFile; fileRef = 3010AB4C1D891E6C006567FE /* BGleizhenyubanyoubingbao.png */; };
		3010AB6C1D891E6C006567FE /* BGmai.png in Resources */ = {isa = PBXBuildFile; fileRef = 3010AB4D1D891E6C006567FE /* BGmai.png */; };
		3010AB6D1D891E6C006567FE /* BGqiangleizhenyu.png in Resources */ = {isa = PBXBuildFile; fileRef = 3010AB4E1D891E6C006567FE /* BGqiangleizhenyu.png */; };
		3010AB6E1D891E6C006567FE /* BGqiangzhenyu.png in Resources */ = {isa = PBXBuildFile; fileRef = 3010AB4F1D891E6C006567FE /* BGqiangzhenyu.png */; };
		3010AB6F1D891E6C006567FE /* BGqing.png in Resources */ = {isa = PBXBuildFile; fileRef = 3010AB501D891E6C006567FE /* BGqing.png */; };
		3010AB701D891E6C006567FE /* BGtedabaoyu.png in Resources */ = {isa = PBXBuildFile; fileRef = 3010AB511D891E6C006567FE /* BGtedabaoyu.png */; };
		3010AB711D891E6C006567FE /* BGwu.png in Resources */ = {isa = PBXBuildFile; fileRef = 3010AB521D891E6C006567FE /* BGwu.png */; };
		3010AB721D891E6C006567FE /* BGxiaoxue.png in Resources */ = {isa = PBXBuildFile; fileRef = 3010AB531D891E6C006567FE /* BGxiaoxue.png */; };
		3010AB731D891E6C006567FE /* BGxiaoyu.png in Resources */ = {isa = PBXBuildFile; fileRef = 3010AB541D891E6C006567FE /* BGxiaoyu.png */; };
		3010AB741D891E6C006567FE /* BGyangsha.png in Resources */ = {isa = PBXBuildFile; fileRef = 3010AB551D891E6C006567FE /* BGyangsha.png */; };
		3010AB751D891E6C006567FE /* BGyin.png in Resources */ = {isa = PBXBuildFile; fileRef = 3010AB561D891E6C006567FE /* BGyin.png */; };
		3010AB761D891E6C006567FE /* BGyinzhuanduoyun.png in Resources */ = {isa = PBXBuildFile; fileRef = 3010AB571D891E6C006567FE /* BGyinzhuanduoyun.png */; };
		3010AB771D891E6C006567FE /* BGyujiaxue.png in Resources */ = {isa = PBXBuildFile; fileRef = 3010AB581D891E6C006567FE /* BGyujiaxue.png */; };
		3010AB781D891E6C006567FE /* BGzhenyu.png in Resources */ = {isa = PBXBuildFile; fileRef = 3010AB591D891E6C006567FE /* BGzhenyu.png */; };
		3010AB791D891E6C006567FE /* BGzhenyuzhuanqing.png in Resources */ = {isa = PBXBuildFile; fileRef = 3010AB5A1D891E6C006567FE /* BGzhenyuzhuanqing.png */; };
		3010AB7A1D891E6C006567FE /* BGzhongxue.png in Resources */ = {isa = PBXBuildFile; fileRef = 3010AB5B1D891E6C006567FE /* BGzhongxue.png */; };
		3010AB7B1D891E6C006567FE /* BGzhongyu.png in Resources */ = {isa = PBXBuildFile; fileRef = 3010AB5C1D891E6C006567FE /* BGzhongyu.png */; };
		3010AB7C1D891E6C006567FE /* maomaoyu.png in Resources */ = {isa = PBXBuildFile; fileRef = 3010AB5D1D891E6C006567FE /* maomaoyu.png */; };
		3010AB7D1D891E6C006567FE /* xiyu.png in Resources */ = {isa = PBXBuildFile; fileRef = 3010AB5E1D891E6C006567FE /* xiyu.png */; };
		3010AB801D891F6D006567FE /* ChineseToPinyin.m in Sources */ = {isa = PBXBuildFile; fileRef = 3010AB7F1D891F6D006567FE /* ChineseToPinyin.m */; };
		3012F28E1D8791700041E015 /* UILabel+UILableEx.m in Sources */ = {isa = PBXBuildFile; fileRef = 3012F28D1D8791700041E015 /* UILabel+UILableEx.m */; };
		3012F2921D8795060041E015 /* WheatherInfoModel.m in Sources */ = {isa = PBXBuildFile; fileRef = 3012F2911D8795060041E015 /* WheatherInfoModel.m */; };
		3012F2971D87E01D0041E015 /* ZTQAqiModel.m in Sources */ = {isa = PBXBuildFile; fileRef = 3012F2961D87E01D0041E015 /* ZTQAqiModel.m */; };
		3012F29A1D87E0950041E015 /* ZTQDailyWeatherInfo.m in Sources */ = {isa = PBXBuildFile; fileRef = 3012F2991D87E0950041E015 /* ZTQDailyWeatherInfo.m */; };
		3012F29D1D87E4EC0041E015 /* ZTQHourlyWeatherInfo.m in Sources */ = {isa = PBXBuildFile; fileRef = 3012F29C1D87E4EC0041E015 /* ZTQHourlyWeatherInfo.m */; };
		3012F2A01D87E6420041E015 /* ZTQCurrentWeatherInfo.m in Sources */ = {isa = PBXBuildFile; fileRef = 3012F29F1D87E6420041E015 /* ZTQCurrentWeatherInfo.m */; };
		3012F2A31D87E6B30041E015 /* ZTQSuggestionInfo.m in Sources */ = {isa = PBXBuildFile; fileRef = 3012F2A21D87E6B30041E015 /* ZTQSuggestionInfo.m */; };
		302268FB1D824E3500493AD0 /* MyDbUtil.m in Sources */ = {isa = PBXBuildFile; fileRef = 302268FA1D824E3500493AD0 /* MyDbUtil.m */; };
		302269021D82521900493AD0 /* CityModel.m in Sources */ = {isa = PBXBuildFile; fileRef = 302269011D82521900493AD0 /* CityModel.m */; };
		302269051D82522A00493AD0 /* ProvinceModel.m in Sources */ = {isa = PBXBuildFile; fileRef = 302269041D82522A00493AD0 /* ProvinceModel.m */; };
		302269081D82524000493AD0 /* ScenicSpotModel.m in Sources */ = {isa = PBXBuildFile; fileRef = 302269071D82524000493AD0 /* ScenicSpotModel.m */; };
		302269171D827FB700493AD0 /* CityDao.m in Sources */ = {isa = PBXBuildFile; fileRef = 302269161D827FB700493AD0 /* CityDao.m */; };
		3022691A1D82857F00493AD0 /* ProvinceDao.m in Sources */ = {isa = PBXBuildFile; fileRef = 302269191D82857F00493AD0 /* ProvinceDao.m */; };
		3022691D1D82866500493AD0 /* ScenicSpotDao.m in Sources */ = {isa = PBXBuildFile; fileRef = 3022691C1D82866500493AD0 /* ScenicSpotDao.m */; };
		302269201D82A05C00493AD0 /* CityInfo.m in Sources */ = {isa = PBXBuildFile; fileRef = 3022691F1D82A05C00493AD0 /* CityInfo.m */; };
		302269231D82A6B200493AD0 /* ScenicSpotInfo.m in Sources */ = {isa = PBXBuildFile; fileRef = 302269221D82A6B200493AD0 /* ScenicSpotInfo.m */; };
		302269281D82B06300493AD0 /* UIAlertController+CustomAlert.m in Sources */ = {isa = PBXBuildFile; fileRef = 302269271D82B06300493AD0 /* UIAlertController+CustomAlert.m */; };
		3022692B1D82B1CB00493AD0 /* NSString+StringEx.m in Sources */ = {isa = PBXBuildFile; fileRef = 3022692A1D82B1CB00493AD0 /* NSString+StringEx.m */; };
		30AA45AD1D59D0FF00EAAEC5 /* main.m in Sources */ = {isa = PBXBuildFile; fileRef = 30AA45AC1D59D0FF00EAAEC5 /* main.m */; };
		30AA45B01D59D0FF00EAAEC5 /* AppDelegate.m in Sources */ = {isa = PBXBuildFile; fileRef = 30AA45AF1D59D0FF00EAAEC5 /* AppDelegate.m */; };
		30AA45B31D59D0FF00EAAEC5 /* ViewController.m in Sources */ = {isa = PBXBuildFile; fileRef = 30AA45B21D59D0FF00EAAEC5 /* ViewController.m */; };
		30AA45B61D59D0FF00EAAEC5 /* Main.storyboard in Resources */ = {isa = PBXBuildFile; fileRef = 30AA45B41D59D0FF00EAAEC5 /* Main.storyboard */; };
		30AA45B81D59D0FF00EAAEC5 /* Assets.xcassets in Resources */ = {isa = PBXBuildFile; fileRef = 30AA45B71D59D0FF00EAAEC5 /* Assets.xcassets */; };
		30AA45BB1D59D0FF00EAAEC5 /* LaunchScreen.storyboard in Resources */ = {isa = PBXBuildFile; fileRef = 30AA45B91D59D0FF00EAAEC5 /* LaunchScreen.storyboard */; };
		30AA45C61D59D0FF00EAAEC5 /* ZTQTests.m in Sources */ = {isa = PBXBuildFile; fileRef = 30AA45C51D59D0FF00EAAEC5 /* ZTQTests.m */; };
		30AA45D11D59D0FF00EAAEC5 /* ZTQUITests.m in Sources */ = {isa = PBXBuildFile; fileRef = 30AA45D01D59D0FF00EAAEC5 /* ZTQUITests.m */; };
		30C8E9171D810BEE00CB5A20 /* province.db in Resources */ = {isa = PBXBuildFile; fileRef = 30C8E9161D810BEE00CB5A20 /* province.db */; };
		30C8E91E1D812B1C00CB5A20 /* MyRequest.m in Sources */ = {isa = PBXBuildFile; fileRef = 30C8E91D1D812B1C00CB5A20 /* MyRequest.m */; };
		30DC8B771D86448000625120 /* ZTQFutureWeatherInfo.m in Sources */ = {isa = PBXBuildFile; fileRef = 30DC8B751D86448000625120 /* ZTQFutureWeatherInfo.m */; };
		30DC8B781D86448000625120 /* ZTQFutureWeatherInfo.xib in Resources */ = {isa = PBXBuildFile; fileRef = 30DC8B761D86448000625120 /* ZTQFutureWeatherInfo.xib */; };
		30DC8B7C1D86449800625120 /* ZTQLifeInfo.m in Sources */ = {isa = PBXBuildFile; fileRef = 30DC8B7A1D86449800625120 /* ZTQLifeInfo.m */; };
		30DC8B7D1D86449800625120 /* ZTQLifeInfo.xib in Resources */ = {isa = PBXBuildFile; fileRef = 30DC8B7B1D86449800625120 /* ZTQLifeInfo.xib */; };
		30DC8B801D8644B200625120 /* ZTQScenicWeatherInfo.m in Sources */ = {isa = PBXBuildFile; fileRef = 30DC8B7F1D8644B200625120 /* ZTQScenicWeatherInfo.m */; };
		30DC8B851D86479400625120 /* VCFactory.m in Sources */ = {isa = PBXBuildFile; fileRef = 30DC8B841D86479400625120 /* VCFactory.m */; };
		30DC8B891D8649BB00625120 /* ZTQTabBar.m in Sources */ = {isa = PBXBuildFile; fileRef = 30DC8B881D8649BB00625120 /* ZTQTabBar.m */; };
		30DC8B8C1D864AAB00625120 /* UIImage+UIImageEx.m in Sources */ = {isa = PBXBuildFile; fileRef = 30DC8B8B1D864AAB00625120 /* UIImage+UIImageEx.m */; };
		30DC8B901D86540100625120 /* bigShadow.png in Resources */ = {isa = PBXBuildFile; fileRef = 30DC8B8F1D86540100625120 /* bigShadow.png */; };
		30DC8B961D86B4A200625120 /* ZTQBasicWeatherInfo.m in Sources */ = {isa = PBXBuildFile; fileRef = 30DC8B941D86B4A200625120 /* ZTQBasicWeatherInfo.m */; };
		30DC8B971D86B4A200625120 /* ZTQBasicWeatherInfo.xib in Resources */ = {isa = PBXBuildFile; fileRef = 30DC8B951D86B4A200625120 /* ZTQBasicWeatherInfo.xib */; };
		30DC8B9A1D86F01E00625120 /* ZTQWheatherInfoCollectionViewCell.m in Sources */ = {isa = PBXBuildFile; fileRef = 30DC8B991D86F01E00625120 /* ZTQWheatherInfoCollectionViewCell.m */; };
		5C9B616A50C1DE614ABCCFEA /* libPods.a in Frameworks */ = {isa = PBXBuildFile; fileRef = FC2DF6BD460E41395A16E2BD /* libPods.a */; };
/* End PBXBuildFile section */

/* Begin PBXContainerItemProxy section */
		30AA45C21D59D0FF00EAAEC5 /* PBXContainerItemProxy */ = {
			isa = PBXContainerItemProxy;
			containerPortal = 30AA45A01D59D0FF00EAAEC5 /* Project object */;
			proxyType = 1;
			remoteGlobalIDString = 30AA45A71D59D0FF00EAAEC5;
			remoteInfo = ZTQ;
		};
		30AA45CD1D59D0FF00EAAEC5 /* PBXContainerItemProxy */ = {
			isa = PBXContainerItemProxy;
			containerPortal = 30AA45A01D59D0FF00EAAEC5 /* Project object */;
			proxyType = 1;
			remoteGlobalIDString = 30AA45A71D59D0FF00EAAEC5;
			remoteInfo = ZTQ;
		};
/* End PBXContainerItemProxy section */

/* Begin PBXFileReference section */
		3003EFBE1D90E28D005E30C3 /* ZTQCityList.h */ = {isa = PBXFileReference; fileEncoding = 4; lastKnownFileType = sourcecode.c.h; path = ZTQCityList.h; sourceTree = "<group>"; };
		3003EFBF1D90E28D005E30C3 /* ZTQCityList.m */ = {isa = PBXFileReference; fileEncoding = 4; lastKnownFileType = sourcecode.c.objc; path = ZTQCityList.m; sourceTree = "<group>"; };
		300592FB1D921758001F7D61 /* CustomIndexView.h */ = {isa = PBXFileReference; fileEncoding = 4; lastKnownFileType = sourcecode.c.h; path = CustomIndexView.h; sourceTree = "<group>"; };
		300592FC1D921758001F7D61 /* CustomIndexView.m */ = {isa = PBXFileReference; fileEncoding = 4; lastKnownFileType = sourcecode.c.objc; path = CustomIndexView.m; sourceTree = "<group>"; };
		300592FF1D927480001F7D61 /* HotCityList.h */ = {isa = PBXFileReference; fileEncoding = 4; lastKnownFileType = sourcecode.c.h; path = HotCityList.h; sourceTree = "<group>"; };
		300593001D927480001F7D61 /* HotCityList.m */ = {isa = PBXFileReference; fileEncoding = 4; lastKnownFileType = sourcecode.c.objc; path = HotCityList.m; sourceTree = "<group>"; };
		3010AB391D88DAAC006567FE /* MyCollectionViewLayout.h */ = {isa = PBXFileReference; fileEncoding = 4; lastKnownFileType = sourcecode.c.h; path = MyCollectionViewLayout.h; sourceTree = "<group>"; };
		3010AB3A1D88DAAC006567FE /* MyCollectionViewLayout.m */ = {isa = PBXFileReference; fileEncoding = 4; lastKnownFileType = sourcecode.c.objc; path = MyCollectionViewLayout.m; sourceTree = "<group>"; };
		3010AB3C1D88F9BF006567FE /* ZTQCustomLabel.h */ = {isa = PBXFileReference; fileEncoding = 4; lastKnownFileType = sourcecode.c.h; path = ZTQCustomLabel.h; sourceTree = "<group>"; };
		3010AB3D1D88F9BF006567FE /* ZTQCustomLabel.m */ = {isa = PBXFileReference; fileEncoding = 4; lastKnownFileType = sourcecode.c.objc; path = ZTQCustomLabel.m; sourceTree = "<group>"; };
		3010AB401D891E6C006567FE /* BG3.png */ = {isa = PBXFileReference; lastKnownFileType = image.png; path = BG3.png; sourceTree = "<group>"; };
		3010AB411D891E6C006567FE /* BGbaoxue.png */ = {isa = PBXFileReference; lastKnownFileType = image.png; path = BGbaoxue.png; sourceTree = "<group>"; };
		3010AB421D891E6C006567FE /* BGbaoyu.png */ = {isa = PBXFileReference; lastKnownFileType = image.png; path = BGbaoyu.png; sourceTree = "<group>"; };
		3010AB431D891E6C006567FE /* BGbingbao.png */ = {isa = PBXFileReference; lastKnownFileType = image.png; path = BGbingbao.png; sourceTree = "<group>"; };
		3010AB441D891E6C006567FE /* BGdabaoyu.png */ = {isa = PBXFileReference; lastKnownFileType = image.png; path = BGdabaoyu.png; sourceTree = "<group>"; };
		3010AB451D891E6C006567FE /* BGdaxue.png */ = {isa = PBXFileReference; lastKnownFileType = image.png; path = BGdaxue.png; sourceTree = "<group>"; };
		3010AB461D891E6C006567FE /* BGdaxuezhuanqing.png */ = {isa = PBXFileReference; lastKnownFileType = image.png; path = BGdaxuezhuanqing.png; sourceTree = "<group>"; };
		3010AB471D891E6C006567FE /* BGdayu.png */ = {isa = PBXFileReference; lastKnownFileType = image.png; path = BGdayu.png; sourceTree = "<group>"; };
		3010AB481D891E6C006567FE /* BGdongyu.png */ = {isa = PBXFileReference; lastKnownFileType = image.png; path = BGdongyu.png; sourceTree = "<group>"; };
		3010AB491D891E6C006567FE /* BGduoyun.png */ = {isa = PBXFileReference; lastKnownFileType = image.png; path = BGduoyun.png; sourceTree = "<group>"; };
		3010AB4A1D891E6C006567FE /* BGjiduanjiangyu.png */ = {isa = PBXFileReference; lastKnownFileType = image.png; path = BGjiduanjiangyu.png; sourceTree = "<group>"; };
		3010AB4B1D891E6C006567FE /* BGleizhenyu.png */ = {isa = PBXFileReference; lastKnownFileType = image.png; path = BGleizhenyu.png; sourceTree = "<group>"; };
		3010AB4C1D891E6C006567FE /* BGleizhenyubanyoubingbao.png */ = {isa = PBXFileReference; lastKnownFileType = image.png; path = BGleizhenyubanyoubingbao.png; sourceTree = "<group>"; };
		3010AB4D1D891E6C006567FE /* BGmai.png */ = {isa = PBXFileReference; lastKnownFileType = image.png; path = BGmai.png; sourceTree = "<group>"; };
		3010AB4E1D891E6C006567FE /* BGqiangleizhenyu.png */ = {isa = PBXFileReference; lastKnownFileType = image.png; path = BGqiangleizhenyu.png; sourceTree = "<group>"; };
		3010AB4F1D891E6C006567FE /* BGqiangzhenyu.png */ = {isa = PBXFileReference; lastKnownFileType = image.png; path = BGqiangzhenyu.png; sourceTree = "<group>"; };
		3010AB501D891E6C006567FE /* BGqing.png */ = {isa = PBXFileReference; lastKnownFileType = image.png; path = BGqing.png; sourceTree = "<group>"; };
		3010AB511D891E6C006567FE /* BGtedabaoyu.png */ = {isa = PBXFileReference; lastKnownFileType = image.png; path = BGtedabaoyu.png; sourceTree = "<group>"; };
		3010AB521D891E6C006567FE /* BGwu.png */ = {isa = PBXFileReference; lastKnownFileType = image.png; path = BGwu.png; sourceTree = "<group>"; };
		3010AB531D891E6C006567FE /* BGxiaoxue.png */ = {isa = PBXFileReference; lastKnownFileType = image.png; path = BGxiaoxue.png; sourceTree = "<group>"; };
		3010AB541D891E6C006567FE /* BGxiaoyu.png */ = {isa = PBXFileReference; lastKnownFileType = image.png; path = BGxiaoyu.png; sourceTree = "<group>"; };
		3010AB551D891E6C006567FE /* BGyangsha.png */ = {isa = PBXFileReference; lastKnownFileType = image.png; path = BGyangsha.png; sourceTree = "<group>"; };
		3010AB561D891E6C006567FE /* BGyin.png */ = {isa = PBXFileReference; lastKnownFileType = image.png; path = BGyin.png; sourceTree = "<group>"; };
		3010AB571D891E6C006567FE /* BGyinzhuanduoyun.png */ = {isa = PBXFileReference; lastKnownFileType = image.png; path = BGyinzhuanduoyun.png; sourceTree = "<group>"; };
		3010AB581D891E6C006567FE /* BGyujiaxue.png */ = {isa = PBXFileReference; lastKnownFileType = image.png; path = BGyujiaxue.png; sourceTree = "<group>"; };
		3010AB591D891E6C006567FE /* BGzhenyu.png */ = {isa = PBXFileReference; lastKnownFileType = image.png; path = BGzhenyu.png; sourceTree = "<group>"; };
		3010AB5A1D891E6C006567FE /* BGzhenyuzhuanqing.png */ = {isa = PBXFileReference; lastKnownFileType = image.png; path = BGzhenyuzhuanqing.png; sourceTree = "<group>"; };
		3010AB5B1D891E6C006567FE /* BGzhongxue.png */ = {isa = PBXFileReference; lastKnownFileType = image.png; path = BGzhongxue.png; sourceTree = "<group>"; };
		3010AB5C1D891E6C006567FE /* BGzhongyu.png */ = {isa = PBXFileReference; lastKnownFileType = image.png; path = BGzhongyu.png; sourceTree = "<group>"; };
		3010AB5D1D891E6C006567FE /* maomaoyu.png */ = {isa = PBXFileReference; lastKnownFileType = image.png; path = maomaoyu.png; sourceTree = "<group>"; };
		3010AB5E1D891E6C006567FE /* xiyu.png */ = {isa = PBXFileReference; lastKnownFileType = image.png; path = xiyu.png; sourceTree = "<group>"; };
		3010AB7E1D891F6D006567FE /* ChineseToPinyin.h */ = {isa = PBXFileReference; fileEncoding = 4; lastKnownFileType = sourcecode.c.h; path = ChineseToPinyin.h; sourceTree = "<group>"; };
		3010AB7F1D891F6D006567FE /* ChineseToPinyin.m */ = {isa = PBXFileReference; fileEncoding = 4; lastKnownFileType = sourcecode.c.objc; path = ChineseToPinyin.m; sourceTree = "<group>"; };
		3012F28C1D8791700041E015 /* UILabel+UILableEx.h */ = {isa = PBXFileReference; fileEncoding = 4; lastKnownFileType = sourcecode.c.h; path = "UILabel+UILableEx.h"; sourceTree = "<group>"; };
		3012F28D1D8791700041E015 /* UILabel+UILableEx.m */ = {isa = PBXFileReference; fileEncoding = 4; lastKnownFileType = sourcecode.c.objc; path = "UILabel+UILableEx.m"; sourceTree = "<group>"; };
		3012F2901D8795060041E015 /* WheatherInfoModel.h */ = {isa = PBXFileReference; fileEncoding = 4; lastKnownFileType = sourcecode.c.h; path = WheatherInfoModel.h; sourceTree = "<group>"; };
		3012F2911D8795060041E015 /* WheatherInfoModel.m */ = {isa = PBXFileReference; fileEncoding = 4; lastKnownFileType = sourcecode.c.objc; path = WheatherInfoModel.m; sourceTree = "<group>"; };
		3012F2951D87E01D0041E015 /* ZTQAqiModel.h */ = {isa = PBXFileReference; fileEncoding = 4; lastKnownFileType = sourcecode.c.h; path = ZTQAqiModel.h; sourceTree = "<group>"; };
		3012F2961D87E01D0041E015 /* ZTQAqiModel.m */ = {isa = PBXFileReference; fileEncoding = 4; lastKnownFileType = sourcecode.c.objc; path = ZTQAqiModel.m; sourceTree = "<group>"; };
		3012F2981D87E0950041E015 /* ZTQDailyWeatherInfo.h */ = {isa = PBXFileReference; fileEncoding = 4; lastKnownFileType = sourcecode.c.h; path = ZTQDailyWeatherInfo.h; sourceTree = "<group>"; };
		3012F2991D87E0950041E015 /* ZTQDailyWeatherInfo.m */ = {isa = PBXFileReference; fileEncoding = 4; lastKnownFileType = sourcecode.c.objc; path = ZTQDailyWeatherInfo.m; sourceTree = "<group>"; };
		3012F29B1D87E4EC0041E015 /* ZTQHourlyWeatherInfo.h */ = {isa = PBXFileReference; fileEncoding = 4; lastKnownFileType = sourcecode.c.h; path = ZTQHourlyWeatherInfo.h; sourceTree = "<group>"; };
		3012F29C1D87E4EC0041E015 /* ZTQHourlyWeatherInfo.m */ = {isa = PBXFileReference; fileEncoding = 4; lastKnownFileType = sourcecode.c.objc; path = ZTQHourlyWeatherInfo.m; sourceTree = "<group>"; };
		3012F29E1D87E6420041E015 /* ZTQCurrentWeatherInfo.h */ = {isa = PBXFileReference; fileEncoding = 4; lastKnownFileType = sourcecode.c.h; path = ZTQCurrentWeatherInfo.h; sourceTree = "<group>"; };
		3012F29F1D87E6420041E015 /* ZTQCurrentWeatherInfo.m */ = {isa = PBXFileReference; fileEncoding = 4; lastKnownFileType = sourcecode.c.objc; path = ZTQCurrentWeatherInfo.m; sourceTree = "<group>"; };
		3012F2A11D87E6B30041E015 /* ZTQSuggestionInfo.h */ = {isa = PBXFileReference; fileEncoding = 4; lastKnownFileType = sourcecode.c.h; path = ZTQSuggestionInfo.h; sourceTree = "<group>"; };
		3012F2A21D87E6B30041E015 /* ZTQSuggestionInfo.m */ = {isa = PBXFileReference; fileEncoding = 4; lastKnownFileType = sourcecode.c.objc; path = ZTQSuggestionInfo.m; sourceTree = "<group>"; };
		302268F91D824E3500493AD0 /* MyDbUtil.h */ = {isa = PBXFileReference; fileEncoding = 4; lastKnownFileType = sourcecode.c.h; path = MyDbUtil.h; sourceTree = "<group>"; };
		302268FA1D824E3500493AD0 /* MyDbUtil.m */ = {isa = PBXFileReference; fileEncoding = 4; lastKnownFileType = sourcecode.c.objc; path = MyDbUtil.m; sourceTree = "<group>"; };
		302269001D82521900493AD0 /* CityModel.h */ = {isa = PBXFileReference; fileEncoding = 4; lastKnownFileType = sourcecode.c.h; path = CityModel.h; sourceTree = "<group>"; };
		302269011D82521900493AD0 /* CityModel.m */ = {isa = PBXFileReference; fileEncoding = 4; lastKnownFileType = sourcecode.c.objc; path = CityModel.m; sourceTree = "<group>"; };
		302269031D82522A00493AD0 /* ProvinceModel.h */ = {isa = PBXFileReference; fileEncoding = 4; lastKnownFileType = sourcecode.c.h; path = ProvinceModel.h; sourceTree = "<group>"; };
		302269041D82522A00493AD0 /* ProvinceModel.m */ = {isa = PBXFileReference; fileEncoding = 4; lastKnownFileType = sourcecode.c.objc; path = ProvinceModel.m; sourceTree = "<group>"; };
		302269061D82524000493AD0 /* ScenicSpotModel.h */ = {isa = PBXFileReference; fileEncoding = 4; lastKnownFileType = sourcecode.c.h; path = ScenicSpotModel.h; sourceTree = "<group>"; };
		302269071D82524000493AD0 /* ScenicSpotModel.m */ = {isa = PBXFileReference; fileEncoding = 4; lastKnownFileType = sourcecode.c.objc; path = ScenicSpotModel.m; sourceTree = "<group>"; };
		302269151D827FB700493AD0 /* CityDao.h */ = {isa = PBXFileReference; fileEncoding = 4; lastKnownFileType = sourcecode.c.h; path = CityDao.h; sourceTree = "<group>"; };
		302269161D827FB700493AD0 /* CityDao.m */ = {isa = PBXFileReference; fileEncoding = 4; lastKnownFileType = sourcecode.c.objc; path = CityDao.m; sourceTree = "<group>"; };
		302269181D82857F00493AD0 /* ProvinceDao.h */ = {isa = PBXFileReference; fileEncoding = 4; lastKnownFileType = sourcecode.c.h; path = ProvinceDao.h; sourceTree = "<group>"; };
		302269191D82857F00493AD0 /* ProvinceDao.m */ = {isa = PBXFileReference; fileEncoding = 4; lastKnownFileType = sourcecode.c.objc; path = ProvinceDao.m; sourceTree = "<group>"; };
		3022691B1D82866500493AD0 /* ScenicSpotDao.h */ = {isa = PBXFileReference; fileEncoding = 4; lastKnownFileType = sourcecode.c.h; path = ScenicSpotDao.h; sourceTree = "<group>"; };
		3022691C1D82866500493AD0 /* ScenicSpotDao.m */ = {isa = PBXFileReference; fileEncoding = 4; lastKnownFileType = sourcecode.c.objc; path = ScenicSpotDao.m; sourceTree = "<group>"; };
		3022691E1D82A05C00493AD0 /* CityInfo.h */ = {isa = PBXFileReference; fileEncoding = 4; lastKnownFileType = sourcecode.c.h; path = CityInfo.h; sourceTree = "<group>"; };
		3022691F1D82A05C00493AD0 /* CityInfo.m */ = {isa = PBXFileReference; fileEncoding = 4; lastKnownFileType = sourcecode.c.objc; path = CityInfo.m; sourceTree = "<group>"; };
		302269211D82A6B200493AD0 /* ScenicSpotInfo.h */ = {isa = PBXFileReference; fileEncoding = 4; lastKnownFileType = sourcecode.c.h; path = ScenicSpotInfo.h; sourceTree = "<group>"; };
		302269221D82A6B200493AD0 /* ScenicSpotInfo.m */ = {isa = PBXFileReference; fileEncoding = 4; lastKnownFileType = sourcecode.c.objc; path = ScenicSpotInfo.m; sourceTree = "<group>"; };
		302269251D82AB4900493AD0 /* APIKey.h */ = {isa = PBXFileReference; fileEncoding = 4; lastKnownFileType = sourcecode.c.h; path = APIKey.h; sourceTree = "<group>"; };
		302269261D82B06300493AD0 /* UIAlertController+CustomAlert.h */ = {isa = PBXFileReference; fileEncoding = 4; lastKnownFileType = sourcecode.c.h; path = "UIAlertController+CustomAlert.h"; sourceTree = "<group>"; };
		302269271D82B06300493AD0 /* UIAlertController+CustomAlert.m */ = {isa = PBXFileReference; fileEncoding = 4; lastKnownFileType = sourcecode.c.objc; path = "UIAlertController+CustomAlert.m"; sourceTree = "<group>"; };
		302269291D82B1CB00493AD0 /* NSString+StringEx.h */ = {isa = PBXFileReference; fileEncoding = 4; lastKnownFileType = sourcecode.c.h; path = "NSString+StringEx.h"; sourceTree = "<group>"; };
		3022692A1D82B1CB00493AD0 /* NSString+StringEx.m */ = {isa = PBXFileReference; fileEncoding = 4; lastKnownFileType = sourcecode.c.objc; path = "NSString+StringEx.m"; sourceTree = "<group>"; };
		30AA45A81D59D0FF00EAAEC5 /* ZTQ.app */ = {isa = PBXFileReference; explicitFileType = wrapper.application; includeInIndex = 0; path = ZTQ.app; sourceTree = BUILT_PRODUCTS_DIR; };
		30AA45AC1D59D0FF00EAAEC5 /* main.m */ = {isa = PBXFileReference; lastKnownFileType = sourcecode.c.objc; path = main.m; sourceTree = "<group>"; };
		30AA45AE1D59D0FF00EAAEC5 /* AppDelegate.h */ = {isa = PBXFileReference; lastKnownFileType = sourcecode.c.h; path = AppDelegate.h; sourceTree = "<group>"; };
		30AA45AF1D59D0FF00EAAEC5 /* AppDelegate.m */ = {isa = PBXFileReference; lastKnownFileType = sourcecode.c.objc; path = AppDelegate.m; sourceTree = "<group>"; };
		30AA45B11D59D0FF00EAAEC5 /* ViewController.h */ = {isa = PBXFileReference; lastKnownFileType = sourcecode.c.h; path = ViewController.h; sourceTree = "<group>"; };
		30AA45B21D59D0FF00EAAEC5 /* ViewController.m */ = {isa = PBXFileReference; lastKnownFileType = sourcecode.c.objc; path = ViewController.m; sourceTree = "<group>"; };
		30AA45B51D59D0FF00EAAEC5 /* Base */ = {isa = PBXFileReference; lastKnownFileType = file.storyboard; name = Base; path = Base.lproj/Main.storyboard; sourceTree = "<group>"; };
		30AA45B71D59D0FF00EAAEC5 /* Assets.xcassets */ = {isa = PBXFileReference; lastKnownFileType = folder.assetcatalog; path = Assets.xcassets; sourceTree = "<group>"; };
		30AA45BA1D59D0FF00EAAEC5 /* Base */ = {isa = PBXFileReference; lastKnownFileType = file.storyboard; name = Base; path = Base.lproj/LaunchScreen.storyboard; sourceTree = "<group>"; };
		30AA45BC1D59D0FF00EAAEC5 /* Info.plist */ = {isa = PBXFileReference; lastKnownFileType = text.plist.xml; path = Info.plist; sourceTree = "<group>"; };
		30AA45C11D59D0FF00EAAEC5 /* ZTQTests.xctest */ = {isa = PBXFileReference; explicitFileType = wrapper.cfbundle; includeInIndex = 0; path = ZTQTests.xctest; sourceTree = BUILT_PRODUCTS_DIR; };
		30AA45C51D59D0FF00EAAEC5 /* ZTQTests.m */ = {isa = PBXFileReference; lastKnownFileType = sourcecode.c.objc; path = ZTQTests.m; sourceTree = "<group>"; };
		30AA45C71D59D0FF00EAAEC5 /* Info.plist */ = {isa = PBXFileReference; lastKnownFileType = text.plist.xml; path = Info.plist; sourceTree = "<group>"; };
		30AA45CC1D59D0FF00EAAEC5 /* ZTQUITests.xctest */ = {isa = PBXFileReference; explicitFileType = wrapper.cfbundle; includeInIndex = 0; path = ZTQUITests.xctest; sourceTree = BUILT_PRODUCTS_DIR; };
		30AA45D01D59D0FF00EAAEC5 /* ZTQUITests.m */ = {isa = PBXFileReference; lastKnownFileType = sourcecode.c.objc; path = ZTQUITests.m; sourceTree = "<group>"; };
		30AA45D21D59D0FF00EAAEC5 /* Info.plist */ = {isa = PBXFileReference; lastKnownFileType = text.plist.xml; path = Info.plist; sourceTree = "<group>"; };
		30C8E9161D810BEE00CB5A20 /* province.db */ = {isa = PBXFileReference; lastKnownFileType = file; path = province.db; sourceTree = SOURCE_ROOT; };
		30C8E9181D81135800CB5A20 /* ZTQPrefixHeader.pch */ = {isa = PBXFileReference; fileEncoding = 4; lastKnownFileType = sourcecode.c.h; path = ZTQPrefixHeader.pch; sourceTree = "<group>"; wrapsLines = 0; };
		30C8E91C1D812B1C00CB5A20 /* MyRequest.h */ = {isa = PBXFileReference; fileEncoding = 4; lastKnownFileType = sourcecode.c.h; path = MyRequest.h; sourceTree = "<group>"; };
		30C8E91D1D812B1C00CB5A20 /* MyRequest.m */ = {isa = PBXFileReference; fileEncoding = 4; lastKnownFileType = sourcecode.c.objc; path = MyRequest.m; sourceTree = "<group>"; };
		30DC8B741D86448000625120 /* ZTQFutureWeatherInfo.h */ = {isa = PBXFileReference; fileEncoding = 4; lastKnownFileType = sourcecode.c.h; path = ZTQFutureWeatherInfo.h; sourceTree = "<group>"; };
		30DC8B751D86448000625120 /* ZTQFutureWeatherInfo.m */ = {isa = PBXFileReference; fileEncoding = 4; lastKnownFileType = sourcecode.c.objc; path = ZTQFutureWeatherInfo.m; sourceTree = "<group>"; };
		30DC8B761D86448000625120 /* ZTQFutureWeatherInfo.xib */ = {isa = PBXFileReference; fileEncoding = 4; lastKnownFileType = file.xib; path = ZTQFutureWeatherInfo.xib; sourceTree = "<group>"; };
		30DC8B791D86449800625120 /* ZTQLifeInfo.h */ = {isa = PBXFileReference; fileEncoding = 4; lastKnownFileType = sourcecode.c.h; path = ZTQLifeInfo.h; sourceTree = "<group>"; };
		30DC8B7A1D86449800625120 /* ZTQLifeInfo.m */ = {isa = PBXFileReference; fileEncoding = 4; lastKnownFileType = sourcecode.c.objc; path = ZTQLifeInfo.m; sourceTree = "<group>"; };
		30DC8B7B1D86449800625120 /* ZTQLifeInfo.xib */ = {isa = PBXFileReference; fileEncoding = 4; lastKnownFileType = file.xib; path = ZTQLifeInfo.xib; sourceTree = "<group>"; };
		30DC8B7E1D8644B200625120 /* ZTQScenicWeatherInfo.h */ = {isa = PBXFileReference; fileEncoding = 4; lastKnownFileType = sourcecode.c.h; path = ZTQScenicWeatherInfo.h; sourceTree = "<group>"; };
		30DC8B7F1D8644B200625120 /* ZTQScenicWeatherInfo.m */ = {isa = PBXFileReference; fileEncoding = 4; lastKnownFileType = sourcecode.c.objc; path = ZTQScenicWeatherInfo.m; sourceTree = "<group>"; };
		30DC8B831D86479400625120 /* VCFactory.h */ = {isa = PBXFileReference; fileEncoding = 4; lastKnownFileType = sourcecode.c.h; path = VCFactory.h; sourceTree = "<group>"; };
		30DC8B841D86479400625120 /* VCFactory.m */ = {isa = PBXFileReference; fileEncoding = 4; lastKnownFileType = sourcecode.c.objc; path = VCFactory.m; sourceTree = "<group>"; };
		30DC8B871D8649BB00625120 /* ZTQTabBar.h */ = {isa = PBXFileReference; fileEncoding = 4; lastKnownFileType = sourcecode.c.h; path = ZTQTabBar.h; sourceTree = "<group>"; };
		30DC8B881D8649BB00625120 /* ZTQTabBar.m */ = {isa = PBXFileReference; fileEncoding = 4; lastKnownFileType = sourcecode.c.objc; path = ZTQTabBar.m; sourceTree = "<group>"; };
		30DC8B8A1D864AAB00625120 /* UIImage+UIImageEx.h */ = {isa = PBXFileReference; fileEncoding = 4; lastKnownFileType = sourcecode.c.h; path = "UIImage+UIImageEx.h"; sourceTree = "<group>"; };
		30DC8B8B1D864AAB00625120 /* UIImage+UIImageEx.m */ = {isa = PBXFileReference; fileEncoding = 4; lastKnownFileType = sourcecode.c.objc; path = "UIImage+UIImageEx.m"; sourceTree = "<group>"; };
		30DC8B8F1D86540100625120 /* bigShadow.png */ = {isa = PBXFileReference; lastKnownFileType = image.png; path = bigShadow.png; sourceTree = "<group>"; };
		30DC8B931D86B4A200625120 /* ZTQBasicWeatherInfo.h */ = {isa = PBXFileReference; fileEncoding = 4; lastKnownFileType = sourcecode.c.h; path = ZTQBasicWeatherInfo.h; sourceTree = "<group>"; };
		30DC8B941D86B4A200625120 /* ZTQBasicWeatherInfo.m */ = {isa = PBXFileReference; fileEncoding = 4; lastKnownFileType = sourcecode.c.objc; path = ZTQBasicWeatherInfo.m; sourceTree = "<group>"; };
		30DC8B951D86B4A200625120 /* ZTQBasicWeatherInfo.xib */ = {isa = PBXFileReference; fileEncoding = 4; lastKnownFileType = file.xib; path = ZTQBasicWeatherInfo.xib; sourceTree = "<group>"; };
		30DC8B981D86F01E00625120 /* ZTQWheatherInfoCollectionViewCell.h */ = {isa = PBXFileReference; fileEncoding = 4; lastKnownFileType = sourcecode.c.h; path = ZTQWheatherInfoCollectionViewCell.h; sourceTree = "<group>"; };
		30DC8B991D86F01E00625120 /* ZTQWheatherInfoCollectionViewCell.m */ = {isa = PBXFileReference; fileEncoding = 4; lastKnownFileType = sourcecode.c.objc; path = ZTQWheatherInfoCollectionViewCell.m; sourceTree = "<group>"; };
		A6BC6C76ACD09CE7DD0B0402 /* Pods.debug.xcconfig */ = {isa = PBXFileReference; includeInIndex = 1; lastKnownFileType = text.xcconfig; name = Pods.debug.xcconfig; path = "Pods/Target Support Files/Pods/Pods.debug.xcconfig"; sourceTree = "<group>"; };
		F2E3D480E713E6DE8206CF37 /* Pods.release.xcconfig */ = {isa = PBXFileReference; includeInIndex = 1; lastKnownFileType = text.xcconfig; name = Pods.release.xcconfig; path = "Pods/Target Support Files/Pods/Pods.release.xcconfig"; sourceTree = "<group>"; };
		FC2DF6BD460E41395A16E2BD /* libPods.a */ = {isa = PBXFileReference; explicitFileType = archive.ar; includeInIndex = 0; path = libPods.a; sourceTree = BUILT_PRODUCTS_DIR; };
/* End PBXFileReference section */

/* Begin PBXFrameworksBuildPhase section */
		30AA45A51D59D0FF00EAAEC5 /* Frameworks */ = {
			isa = PBXFrameworksBuildPhase;
			buildActionMask = 2147483647;
			files = (
				5C9B616A50C1DE614ABCCFEA /* libPods.a in Frameworks */,
			);
			runOnlyForDeploymentPostprocessing = 0;
		};
		30AA45BE1D59D0FF00EAAEC5 /* Frameworks */ = {
			isa = PBXFrameworksBuildPhase;
			buildActionMask = 2147483647;
			files = (
			);
			runOnlyForDeploymentPostprocessing = 0;
		};
		30AA45C91D59D0FF00EAAEC5 /* Frameworks */ = {
			isa = PBXFrameworksBuildPhase;
			buildActionMask = 2147483647;
			files = (
			);
			runOnlyForDeploymentPostprocessing = 0;
		};
/* End PBXFrameworksBuildPhase section */

/* Begin PBXGroup section */
		300592FE1D927463001F7D61 /* Views */ = {
			isa = PBXGroup;
			children = (
				300592FF1D927480001F7D61 /* HotCityList.h */,
				300593001D927480001F7D61 /* HotCityList.m */,
			);
			path = Views;
			sourceTree = "<group>";
		};
		3010AB3F1D891E6C006567FE /* WeatherBgImage */ = {
			isa = PBXGroup;
			children = (
				3010AB401D891E6C006567FE /* BG3.png */,
				3010AB411D891E6C006567FE /* BGbaoxue.png */,
				3010AB421D891E6C006567FE /* BGbaoyu.png */,
				3010AB431D891E6C006567FE /* BGbingbao.png */,
				3010AB441D891E6C006567FE /* BGdabaoyu.png */,
				3010AB451D891E6C006567FE /* BGdaxue.png */,
				3010AB461D891E6C006567FE /* BGdaxuezhuanqing.png */,
				3010AB471D891E6C006567FE /* BGdayu.png */,
				3010AB481D891E6C006567FE /* BGdongyu.png */,
				3010AB491D891E6C006567FE /* BGduoyun.png */,
				3010AB4A1D891E6C006567FE /* BGjiduanjiangyu.png */,
				3010AB4B1D891E6C006567FE /* BGleizhenyu.png */,
				3010AB4C1D891E6C006567FE /* BGleizhenyubanyoubingbao.png */,
				3010AB4D1D891E6C006567FE /* BGmai.png */,
				3010AB4E1D891E6C006567FE /* BGqiangleizhenyu.png */,
				3010AB4F1D891E6C006567FE /* BGqiangzhenyu.png */,
				3010AB501D891E6C006567FE /* BGqing.png */,
				3010AB511D891E6C006567FE /* BGtedabaoyu.png */,
				3010AB521D891E6C006567FE /* BGwu.png */,
				3010AB531D891E6C006567FE /* BGxiaoxue.png */,
				3010AB541D891E6C006567FE /* BGxiaoyu.png */,
				3010AB551D891E6C006567FE /* BGyangsha.png */,
				3010AB561D891E6C006567FE /* BGyin.png */,
				3010AB571D891E6C006567FE /* BGyinzhuanduoyun.png */,
				3010AB581D891E6C006567FE /* BGyujiaxue.png */,
				3010AB591D891E6C006567FE /* BGzhenyu.png */,
				3010AB5A1D891E6C006567FE /* BGzhenyuzhuanqing.png */,
				3010AB5B1D891E6C006567FE /* BGzhongxue.png */,
				3010AB5C1D891E6C006567FE /* BGzhongyu.png */,
				3010AB5D1D891E6C006567FE /* maomaoyu.png */,
				3010AB5E1D891E6C006567FE /* xiyu.png */,
			);
			path = WeatherBgImage;
			sourceTree = "<group>";
		};
		3012F28F1D8794EB0041E015 /* WheatherInfoModel */ = {
			isa = PBXGroup;
			children = (
				3012F2901D8795060041E015 /* WheatherInfoModel.h */,
				3012F2911D8795060041E015 /* WheatherInfoModel.m */,
				3012F2951D87E01D0041E015 /* ZTQAqiModel.h */,
				3012F2961D87E01D0041E015 /* ZTQAqiModel.m */,
				3012F2981D87E0950041E015 /* ZTQDailyWeatherInfo.h */,
				3012F2991D87E0950041E015 /* ZTQDailyWeatherInfo.m */,
				3012F29B1D87E4EC0041E015 /* ZTQHourlyWeatherInfo.h */,
				3012F29C1D87E4EC0041E015 /* ZTQHourlyWeatherInfo.m */,
				3012F29E1D87E6420041E015 /* ZTQCurrentWeatherInfo.h */,
				3012F29F1D87E6420041E015 /* ZTQCurrentWeatherInfo.m */,
				3012F2A11D87E6B30041E015 /* ZTQSuggestionInfo.h */,
				3012F2A21D87E6B30041E015 /* ZTQSuggestionInfo.m */,
			);
			path = WheatherInfoModel;
			sourceTree = "<group>";
		};
		302268FC1D82505000493AD0 /* Models */ = {
			isa = PBXGroup;
			children = (
				3012F28F1D8794EB0041E015 /* WheatherInfoModel */,
				302268FD1D82505000493AD0 /* CityModel */,
				302268FE1D82505000493AD0 /* ProvinceModel */,
				302268FF1D82505000493AD0 /* ScenicSpotModel */,
			);
			path = Models;
			sourceTree = "<group>";
		};
		302268FD1D82505000493AD0 /* CityModel */ = {
			isa = PBXGroup;
			children = (
				302269001D82521900493AD0 /* CityModel.h */,
				302269011D82521900493AD0 /* CityModel.m */,
			);
			path = CityModel;
			sourceTree = "<group>";
		};
		302268FE1D82505000493AD0 /* ProvinceModel */ = {
			isa = PBXGroup;
			children = (
				302269031D82522A00493AD0 /* ProvinceModel.h */,
				302269041D82522A00493AD0 /* ProvinceModel.m */,
			);
			path = ProvinceModel;
			sourceTree = "<group>";
		};
		302268FF1D82505000493AD0 /* ScenicSpotModel */ = {
			isa = PBXGroup;
			children = (
				302269061D82524000493AD0 /* ScenicSpotModel.h */,
				302269071D82524000493AD0 /* ScenicSpotModel.m */,
			);
			path = ScenicSpotModel;
			sourceTree = "<group>";
		};
		302269111D827E8E00493AD0 /* DAO */ = {
			isa = PBXGroup;
			children = (
				302269121D827E8E00493AD0 /* CityDao */,
				302269131D827E8E00493AD0 /* ProvinceDao */,
				302269141D827E8E00493AD0 /* ScenicSpotDao */,
			);
			path = DAO;
			sourceTree = "<group>";
		};
		302269121D827E8E00493AD0 /* CityDao */ = {
			isa = PBXGroup;
			children = (
				302269151D827FB700493AD0 /* CityDao.h */,
				302269161D827FB700493AD0 /* CityDao.m */,
			);
			path = CityDao;
			sourceTree = "<group>";
		};
		302269131D827E8E00493AD0 /* ProvinceDao */ = {
			isa = PBXGroup;
			children = (
				302269181D82857F00493AD0 /* ProvinceDao.h */,
				302269191D82857F00493AD0 /* ProvinceDao.m */,
			);
			path = ProvinceDao;
			sourceTree = "<group>";
		};
		302269141D827E8E00493AD0 /* ScenicSpotDao */ = {
			isa = PBXGroup;
			children = (
				3022691B1D82866500493AD0 /* ScenicSpotDao.h */,
				3022691C1D82866500493AD0 /* ScenicSpotDao.m */,
			);
			path = ScenicSpotDao;
			sourceTree = "<group>";
		};
		302269241D82AAFD00493AD0 /* Configer */ = {
			isa = PBXGroup;
			children = (
				302269251D82AB4900493AD0 /* APIKey.h */,
			);
			path = Configer;
			sourceTree = "<group>";
		};
		30AA459F1D59D0FF00EAAEC5 = {
			isa = PBXGroup;
			children = (
				30AA45DE1D59D67500EAAEC5 /* ZTQSource */,
				30AA45AA1D59D0FF00EAAEC5 /* ZTQ */,
				30AA45C41D59D0FF00EAAEC5 /* ZTQTests */,
				30AA45CF1D59D0FF00EAAEC5 /* ZTQUITests */,
				30AA45A91D59D0FF00EAAEC5 /* Products */,
				C136A38FA762857829FE8518 /* Pods */,
				79AA09BF3FC9EDA8BFD9C4DB /* Frameworks */,
			);
			sourceTree = "<group>";
		};
		30AA45A91D59D0FF00EAAEC5 /* Products */ = {
			isa = PBXGroup;
			children = (
				30AA45A81D59D0FF00EAAEC5 /* ZTQ.app */,
				30AA45C11D59D0FF00EAAEC5 /* ZTQTests.xctest */,
				30AA45CC1D59D0FF00EAAEC5 /* ZTQUITests.xctest */,
			);
			name = Products;
			sourceTree = "<group>";
		};
		30AA45AA1D59D0FF00EAAEC5 /* ZTQ */ = {
			isa = PBXGroup;
			children = (
				30AA45AE1D59D0FF00EAAEC5 /* AppDelegate.h */,
				30AA45AF1D59D0FF00EAAEC5 /* AppDelegate.m */,
				30AA45B11D59D0FF00EAAEC5 /* ViewController.h */,
				30AA45B21D59D0FF00EAAEC5 /* ViewController.m */,
				30AA45B41D59D0FF00EAAEC5 /* Main.storyboard */,
				30AA45B71D59D0FF00EAAEC5 /* Assets.xcassets */,
				30AA45B91D59D0FF00EAAEC5 /* LaunchScreen.storyboard */,
				30AA45BC1D59D0FF00EAAEC5 /* Info.plist */,
				30AA45AB1D59D0FF00EAAEC5 /* Supporting Files */,
			);
			path = ZTQ;
			sourceTree = "<group>";
		};
		30AA45AB1D59D0FF00EAAEC5 /* Supporting Files */ = {
			isa = PBXGroup;
			children = (
				30AA45AC1D59D0FF00EAAEC5 /* main.m */,
				30C8E9161D810BEE00CB5A20 /* province.db */,
				30C8E9181D81135800CB5A20 /* ZTQPrefixHeader.pch */,
			);
			name = "Supporting Files";
			sourceTree = "<group>";
		};
		30AA45C41D59D0FF00EAAEC5 /* ZTQTests */ = {
			isa = PBXGroup;
			children = (
				30AA45C51D59D0FF00EAAEC5 /* ZTQTests.m */,
				30AA45C71D59D0FF00EAAEC5 /* Info.plist */,
			);
			path = ZTQTests;
			sourceTree = "<group>";
		};
		30AA45CF1D59D0FF00EAAEC5 /* ZTQUITests */ = {
			isa = PBXGroup;
			children = (
				30AA45D01D59D0FF00EAAEC5 /* ZTQUITests.m */,
				30AA45D21D59D0FF00EAAEC5 /* Info.plist */,
			);
			path = ZTQUITests;
			sourceTree = "<group>";
		};
		30AA45DE1D59D67500EAAEC5 /* ZTQSource */ = {
			isa = PBXGroup;
			children = (
				30DC8B8D1D86540100625120 /* ImageSource */,
				30AA45DF1D59D67500EAAEC5 /* Common */,
				30AA45E31D59D67500EAAEC5 /* iPhone */,
			);
			path = ZTQSource;
			sourceTree = "<group>";
		};
		30AA45DF1D59D67500EAAEC5 /* Common */ = {
			isa = PBXGroup;
			children = (
				30DC8B811D86477500625120 /* Factory */,
				302269241D82AAFD00493AD0 /* Configer */,
				302268FC1D82505000493AD0 /* Models */,
				30C8E9191D812AE400CB5A20 /* Utils */,
				30AA45E01D59D67500EAAEC5 /* Category */,
				30AA45E11D59D67500EAAEC5 /* Class */,
				30AA45E21D59D67500EAAEC5 /* Singleton */,
			);
			path = Common;
			sourceTree = "<group>";
		};
		30AA45E01D59D67500EAAEC5 /* Category */ = {
			isa = PBXGroup;
			children = (
				302269261D82B06300493AD0 /* UIAlertController+CustomAlert.h */,
				302269271D82B06300493AD0 /* UIAlertController+CustomAlert.m */,
				302269291D82B1CB00493AD0 /* NSString+StringEx.h */,
				3022692A1D82B1CB00493AD0 /* NSString+StringEx.m */,
				30DC8B8A1D864AAB00625120 /* UIImage+UIImageEx.h */,
				30DC8B8B1D864AAB00625120 /* UIImage+UIImageEx.m */,
				3012F28C1D8791700041E015 /* UILabel+UILableEx.h */,
				3012F28D1D8791700041E015 /* UILabel+UILableEx.m */,
			);
			path = Category;
			sourceTree = "<group>";
		};
		30AA45E11D59D67500EAAEC5 /* Class */ = {
			isa = PBXGroup;
			children = (
				3010AB7E1D891F6D006567FE /* ChineseToPinyin.h */,
				3010AB7F1D891F6D006567FE /* ChineseToPinyin.m */,
				3010AB3C1D88F9BF006567FE /* ZTQCustomLabel.h */,
				3010AB3D1D88F9BF006567FE /* ZTQCustomLabel.m */,
				300592FB1D921758001F7D61 /* CustomIndexView.h */,
				300592FC1D921758001F7D61 /* CustomIndexView.m */,
			);
			path = Class;
			sourceTree = "<group>";
		};
		30AA45E21D59D67500EAAEC5 /* Singleton */ = {
			isa = PBXGroup;
			children = (
				3022691E1D82A05C00493AD0 /* CityInfo.h */,
				3022691F1D82A05C00493AD0 /* CityInfo.m */,
				302269211D82A6B200493AD0 /* ScenicSpotInfo.h */,
				302269221D82A6B200493AD0 /* ScenicSpotInfo.m */,
			);
			path = Singleton;
			sourceTree = "<group>";
		};
		30AA45E31D59D67500EAAEC5 /* iPhone */ = {
			isa = PBXGroup;
			children = (
				30F04D371D8FEE740069AC3D /* ZTQCityList */,
				30DC8B861D86499300625120 /* ZTQTabBar */,
				30AA45E41D59D67500EAAEC5 /* ZTQBasicWeatherInfo */,
				30AA45E51D59D67500EAAEC5 /* ZTQFutureWeatherInfo */,
				30AA45E61D59D67500EAAEC5 /* ZTQLifeInfo */,
				30AA45E71D59D67500EAAEC5 /* ZTQScenicWeatherInfo */,
			);
			path = iPhone;
			sourceTree = "<group>";
		};
		30AA45E41D59D67500EAAEC5 /* ZTQBasicWeatherInfo */ = {
			isa = PBXGroup;
			children = (
				30DC8B911D86B44500625120 /* Controller */,
				30DC8B921D86B44500625120 /* View */,
			);
			path = ZTQBasicWeatherInfo;
			sourceTree = "<group>";
		};
		30AA45E51D59D67500EAAEC5 /* ZTQFutureWeatherInfo */ = {
			isa = PBXGroup;
			children = (
				30DC8B741D86448000625120 /* ZTQFutureWeatherInfo.h */,
				30DC8B751D86448000625120 /* ZTQFutureWeatherInfo.m */,
				30DC8B761D86448000625120 /* ZTQFutureWeatherInfo.xib */,
			);
			path = ZTQFutureWeatherInfo;
			sourceTree = "<group>";
		};
		30AA45E61D59D67500EAAEC5 /* ZTQLifeInfo */ = {
			isa = PBXGroup;
			children = (
				30DC8B791D86449800625120 /* ZTQLifeInfo.h */,
				30DC8B7A1D86449800625120 /* ZTQLifeInfo.m */,
				30DC8B7B1D86449800625120 /* ZTQLifeInfo.xib */,
			);
			path = ZTQLifeInfo;
			sourceTree = "<group>";
		};
		30AA45E71D59D67500EAAEC5 /* ZTQScenicWeatherInfo */ = {
			isa = PBXGroup;
			children = (
				30DC8B7E1D8644B200625120 /* ZTQScenicWeatherInfo.h */,
				30DC8B7F1D8644B200625120 /* ZTQScenicWeatherInfo.m */,
			);
			path = ZTQScenicWeatherInfo;
			sourceTree = "<group>";
		};
		30C8E9191D812AE400CB5A20 /* Utils */ = {
			isa = PBXGroup;
			children = (
				302269111D827E8E00493AD0 /* DAO */,
				30C8E91A1D812AE400CB5A20 /* DbUtil */,
				30C8E91B1D812AE400CB5A20 /* RequestUtil */,
			);
			path = Utils;
			sourceTree = "<group>";
		};
		30C8E91A1D812AE400CB5A20 /* DbUtil */ = {
			isa = PBXGroup;
			children = (
				302268F91D824E3500493AD0 /* MyDbUtil.h */,
				302268FA1D824E3500493AD0 /* MyDbUtil.m */,
			);
			path = DbUtil;
			sourceTree = "<group>";
		};
		30C8E91B1D812AE400CB5A20 /* RequestUtil */ = {
			isa = PBXGroup;
			children = (
				30C8E91C1D812B1C00CB5A20 /* MyRequest.h */,
				30C8E91D1D812B1C00CB5A20 /* MyRequest.m */,
			);
			path = RequestUtil;
			sourceTree = "<group>";
		};
		30DC8B811D86477500625120 /* Factory */ = {
			isa = PBXGroup;
			children = (
				30DC8B821D86477500625120 /* VCFactory */,
			);
			path = Factory;
			sourceTree = "<group>";
		};
		30DC8B821D86477500625120 /* VCFactory */ = {
			isa = PBXGroup;
			children = (
				30DC8B831D86479400625120 /* VCFactory.h */,
				30DC8B841D86479400625120 /* VCFactory.m */,
			);
			path = VCFactory;
			sourceTree = "<group>";
		};
		30DC8B861D86499300625120 /* ZTQTabBar */ = {
			isa = PBXGroup;
			children = (
				30DC8B871D8649BB00625120 /* ZTQTabBar.h */,
				30DC8B881D8649BB00625120 /* ZTQTabBar.m */,
			);
			path = ZTQTabBar;
			sourceTree = "<group>";
		};
		30DC8B8D1D86540100625120 /* ImageSource */ = {
			isa = PBXGroup;
			children = (
				3010AB3F1D891E6C006567FE /* WeatherBgImage */,
				30DC8B8E1D86540100625120 /* NavImage */,
			);
			path = ImageSource;
			sourceTree = "<group>";
		};
		30DC8B8E1D86540100625120 /* NavImage */ = {
			isa = PBXGroup;
			children = (
				30DC8B8F1D86540100625120 /* bigShadow.png */,
			);
			path = NavImage;
			sourceTree = "<group>";
		};
		30DC8B911D86B44500625120 /* Controller */ = {
			isa = PBXGroup;
			children = (
				30DC8B931D86B4A200625120 /* ZTQBasicWeatherInfo.h */,
				30DC8B941D86B4A200625120 /* ZTQBasicWeatherInfo.m */,
				30DC8B951D86B4A200625120 /* ZTQBasicWeatherInfo.xib */,
			);
			path = Controller;
			sourceTree = "<group>";
		};
		30DC8B921D86B44500625120 /* View */ = {
			isa = PBXGroup;
			children = (
				30DC8B981D86F01E00625120 /* ZTQWheatherInfoCollectionViewCell.h */,
				30DC8B991D86F01E00625120 /* ZTQWheatherInfoCollectionViewCell.m */,
				3010AB391D88DAAC006567FE /* MyCollectionViewLayout.h */,
				3010AB3A1D88DAAC006567FE /* MyCollectionViewLayout.m */,
			);
			path = View;
			sourceTree = "<group>";
		};
		30F04D371D8FEE740069AC3D /* ZTQCityList */ = {
			isa = PBXGroup;
			children = (
				300592FE1D927463001F7D61 /* Views */,
				3003EFBE1D90E28D005E30C3 /* ZTQCityList.h */,
				3003EFBF1D90E28D005E30C3 /* ZTQCityList.m */,
			);
			path = ZTQCityList;
			sourceTree = "<group>";
		};
		79AA09BF3FC9EDA8BFD9C4DB /* Frameworks */ = {
			isa = PBXGroup;
			children = (
				FC2DF6BD460E41395A16E2BD /* libPods.a */,
			);
			name = Frameworks;
			sourceTree = "<group>";
		};
		C136A38FA762857829FE8518 /* Pods */ = {
			isa = PBXGroup;
			children = (
				A6BC6C76ACD09CE7DD0B0402 /* Pods.debug.xcconfig */,
				F2E3D480E713E6DE8206CF37 /* Pods.release.xcconfig */,
			);
			name = Pods;
			sourceTree = "<group>";
		};
/* End PBXGroup section */

/* Begin PBXNativeTarget section */
		30AA45A71D59D0FF00EAAEC5 /* ZTQ */ = {
			isa = PBXNativeTarget;
			buildConfigurationList = 30AA45D51D59D0FF00EAAEC5 /* Build configuration list for PBXNativeTarget "ZTQ" */;
			buildPhases = (
				CA8C323691894F3804DD78BF /* Check Pods Manifest.lock */,
				30AA45A41D59D0FF00EAAEC5 /* Sources */,
				30AA45A51D59D0FF00EAAEC5 /* Frameworks */,
				30AA45A61D59D0FF00EAAEC5 /* Resources */,
				E09848F749A035303AD5A6B5 /* Embed Pods Frameworks */,
				DE2DC1A60E8EFD8DE18605D5 /* Copy Pods Resources */,
			);
			buildRules = (
			);
			dependencies = (
			);
			name = ZTQ;
			productName = ZTQ;
			productReference = 30AA45A81D59D0FF00EAAEC5 /* ZTQ.app */;
			productType = "com.apple.product-type.application";
		};
		30AA45C01D59D0FF00EAAEC5 /* ZTQTests */ = {
			isa = PBXNativeTarget;
			buildConfigurationList = 30AA45D81D59D0FF00EAAEC5 /* Build configuration list for PBXNativeTarget "ZTQTests" */;
			buildPhases = (
				30AA45BD1D59D0FF00EAAEC5 /* Sources */,
				30AA45BE1D59D0FF00EAAEC5 /* Frameworks */,
				30AA45BF1D59D0FF00EAAEC5 /* Resources */,
			);
			buildRules = (
			);
			dependencies = (
				30AA45C31D59D0FF00EAAEC5 /* PBXTargetDependency */,
			);
			name = ZTQTests;
			productName = ZTQTests;
			productReference = 30AA45C11D59D0FF00EAAEC5 /* ZTQTests.xctest */;
			productType = "com.apple.product-type.bundle.unit-test";
		};
		30AA45CB1D59D0FF00EAAEC5 /* ZTQUITests */ = {
			isa = PBXNativeTarget;
			buildConfigurationList = 30AA45DB1D59D0FF00EAAEC5 /* Build configuration list for PBXNativeTarget "ZTQUITests" */;
			buildPhases = (
				30AA45C81D59D0FF00EAAEC5 /* Sources */,
				30AA45C91D59D0FF00EAAEC5 /* Frameworks */,
				30AA45CA1D59D0FF00EAAEC5 /* Resources */,
			);
			buildRules = (
			);
			dependencies = (
				30AA45CE1D59D0FF00EAAEC5 /* PBXTargetDependency */,
			);
			name = ZTQUITests;
			productName = ZTQUITests;
			productReference = 30AA45CC1D59D0FF00EAAEC5 /* ZTQUITests.xctest */;
			productType = "com.apple.product-type.bundle.ui-testing";
		};
/* End PBXNativeTarget section */

/* Begin PBXProject section */
		30AA45A01D59D0FF00EAAEC5 /* Project object */ = {
			isa = PBXProject;
			attributes = {
				LastUpgradeCheck = 0730;
				ORGANIZATIONNAME = "杨洪";
				TargetAttributes = {
					30AA45A71D59D0FF00EAAEC5 = {
						CreatedOnToolsVersion = 7.3.1;
						DevelopmentTeam = 68ALBU2766;
					};
					30AA45C01D59D0FF00EAAEC5 = {
						CreatedOnToolsVersion = 7.3.1;
						DevelopmentTeam = 68ALBU2766;
						TestTargetID = 30AA45A71D59D0FF00EAAEC5;
					};
					30AA45CB1D59D0FF00EAAEC5 = {
						CreatedOnToolsVersion = 7.3.1;
						DevelopmentTeam = 68ALBU2766;
						TestTargetID = 30AA45A71D59D0FF00EAAEC5;
					};
				};
			};
			buildConfigurationList = 30AA45A31D59D0FF00EAAEC5 /* Build configuration list for PBXProject "ZTQ" */;
			compatibilityVersion = "Xcode 3.2";
			developmentRegion = English;
			hasScannedForEncodings = 0;
			knownRegions = (
				en,
				Base,
			);
			mainGroup = 30AA459F1D59D0FF00EAAEC5;
			productRefGroup = 30AA45A91D59D0FF00EAAEC5 /* Products */;
			projectDirPath = "";
			projectRoot = "";
			targets = (
				30AA45A71D59D0FF00EAAEC5 /* ZTQ */,
				30AA45C01D59D0FF00EAAEC5 /* ZTQTests */,
				30AA45CB1D59D0FF00EAAEC5 /* ZTQUITests */,
			);
		};
/* End PBXProject section */

/* Begin PBXResourcesBuildPhase section */
		30AA45A61D59D0FF00EAAEC5 /* Resources */ = {
			isa = PBXResourcesBuildPhase;
			buildActionMask = 2147483647;
			files = (
				3010AB711D891E6C006567FE /* BGwu.png in Resources */,
				3010AB681D891E6C006567FE /* BGduoyun.png in Resources */,
				3010AB7D1D891E6C006567FE /* xiyu.png in Resources */,
				3010AB6B1D891E6C006567FE /* BGleizhenyubanyoubingbao.png in Resources */,
				3010AB5F1D891E6C006567FE /* BG3.png in Resources */,
				3010AB771D891E6C006567FE /* BGyujiaxue.png in Resources */,
				3010AB721D891E6C006567FE /* BGxiaoxue.png in Resources */,
				3010AB671D891E6C006567FE /* BGdongyu.png in Resources */,
				30DC8B901D86540100625120 /* bigShadow.png in Resources */,
				3010AB601D891E6C006567FE /* BGbaoxue.png in Resources */,
				3010AB791D891E6C006567FE /* BGzhenyuzhuanqing.png in Resources */,
				30DC8B7D1D86449800625120 /* ZTQLifeInfo.xib in Resources */,
				30DC8B781D86448000625120 /* ZTQFutureWeatherInfo.xib in Resources */,
				3010AB761D891E6C006567FE /* BGyinzhuanduoyun.png in Resources */,
				3010AB731D891E6C006567FE /* BGxiaoyu.png in Resources */,
				3010AB6D1D891E6C006567FE /* BGqiangleizhenyu.png in Resources */,
				3010AB631D891E6C006567FE /* BGdabaoyu.png in Resources */,
				30AA45BB1D59D0FF00EAAEC5 /* LaunchScreen.storyboard in Resources */,
				30C8E9171D810BEE00CB5A20 /* province.db in Resources */,
				3010AB781D891E6C006567FE /* BGzhenyu.png in Resources */,
				30DC8B971D86B4A200625120 /* ZTQBasicWeatherInfo.xib in Resources */,
				3010AB691D891E6C006567FE /* BGjiduanjiangyu.png in Resources */,
				3010AB661D891E6C006567FE /* BGdayu.png in Resources */,
				30AA45B81D59D0FF00EAAEC5 /* Assets.xcassets in Resources */,
				3010AB7C1D891E6C006567FE /* maomaoyu.png in Resources */,
				3010AB6E1D891E6C006567FE /* BGqiangzhenyu.png in Resources */,
				3010AB611D891E6C006567FE /* BGbaoyu.png in Resources */,
				3010AB651D891E6C006567FE /* BGdaxuezhuanqing.png in Resources */,
				3010AB751D891E6C006567FE /* BGyin.png in Resources */,
				3010AB741D891E6C006567FE /* BGyangsha.png in Resources */,
				3010AB7B1D891E6C006567FE /* BGzhongyu.png in Resources */,
				3010AB6A1D891E6C006567FE /* BGleizhenyu.png in Resources */,
				30AA45B61D59D0FF00EAAEC5 /* Main.storyboard in Resources */,
				3010AB641D891E6C006567FE /* BGdaxue.png in Resources */,
				3010AB6C1D891E6C006567FE /* BGmai.png in Resources */,
				3010AB701D891E6C006567FE /* BGtedabaoyu.png in Resources */,
				3010AB6F1D891E6C006567FE /* BGqing.png in Resources */,
				3010AB7A1D891E6C006567FE /* BGzhongxue.png in Resources */,
				3010AB621D891E6C006567FE /* BGbingbao.png in Resources */,
			);
			runOnlyForDeploymentPostprocessing = 0;
		};
		30AA45BF1D59D0FF00EAAEC5 /* Resources */ = {
			isa = PBXResourcesBuildPhase;
			buildActionMask = 2147483647;
			files = (
			);
			runOnlyForDeploymentPostprocessing = 0;
		};
		30AA45CA1D59D0FF00EAAEC5 /* Resources */ = {
			isa = PBXResourcesBuildPhase;
			buildActionMask = 2147483647;
			files = (
			);
			runOnlyForDeploymentPostprocessing = 0;
		};
/* End PBXResourcesBuildPhase section */

/* Begin PBXShellScriptBuildPhase section */
		CA8C323691894F3804DD78BF /* Check Pods Manifest.lock */ = {
			isa = PBXShellScriptBuildPhase;
			buildActionMask = 2147483647;
			files = (
			);
			inputPaths = (
			);
			name = "Check Pods Manifest.lock";
			outputPaths = (
			);
			runOnlyForDeploymentPostprocessing = 0;
			shellPath = /bin/sh;
			shellScript = "diff \"${PODS_ROOT}/../Podfile.lock\" \"${PODS_ROOT}/Manifest.lock\" > /dev/null\nif [[ $? != 0 ]] ; then\n    cat << EOM\nerror: The sandbox is not in sync with the Podfile.lock. Run 'pod install' or update your CocoaPods installation.\nEOM\n    exit 1\nfi\n";
			showEnvVarsInLog = 0;
		};
		DE2DC1A60E8EFD8DE18605D5 /* Copy Pods Resources */ = {
			isa = PBXShellScriptBuildPhase;
			buildActionMask = 2147483647;
			files = (
			);
			inputPaths = (
			);
			name = "Copy Pods Resources";
			outputPaths = (
			);
			runOnlyForDeploymentPostprocessing = 0;
			shellPath = /bin/sh;
			shellScript = "\"${SRCROOT}/Pods/Target Support Files/Pods/Pods-resources.sh\"\n";
			showEnvVarsInLog = 0;
		};
		E09848F749A035303AD5A6B5 /* Embed Pods Frameworks */ = {
			isa = PBXShellScriptBuildPhase;
			buildActionMask = 2147483647;
			files = (
			);
			inputPaths = (
			);
			name = "Embed Pods Frameworks";
			outputPaths = (
			);
			runOnlyForDeploymentPostprocessing = 0;
			shellPath = /bin/sh;
			shellScript = "\"${SRCROOT}/Pods/Target Support Files/Pods/Pods-frameworks.sh\"\n";
			showEnvVarsInLog = 0;
		};
/* End PBXShellScriptBuildPhase section */

/* Begin PBXSourcesBuildPhase section */
		30AA45A41D59D0FF00EAAEC5 /* Sources */ = {
			isa = PBXSourcesBuildPhase;
			buildActionMask = 2147483647;
			files = (
				300593011D927480001F7D61 /* HotCityList.m in Sources */,
				302269081D82524000493AD0 /* ScenicSpotModel.m in Sources */,
				30AA45B31D59D0FF00EAAEC5 /* ViewController.m in Sources */,
				30DC8B9A1D86F01E00625120 /* ZTQWheatherInfoCollectionViewCell.m in Sources */,
				30C8E91E1D812B1C00CB5A20 /* MyRequest.m in Sources */,
				30DC8B851D86479400625120 /* VCFactory.m in Sources */,
				3010AB3E1D88F9BF006567FE /* ZTQCustomLabel.m in Sources */,
				3003EFC01D90E28D005E30C3 /* ZTQCityList.m in Sources */,
				30AA45B01D59D0FF00EAAEC5 /* AppDelegate.m in Sources */,
				3012F2A01D87E6420041E015 /* ZTQCurrentWeatherInfo.m in Sources */,
				3012F2921D8795060041E015 /* WheatherInfoModel.m in Sources */,
				3022691D1D82866500493AD0 /* ScenicSpotDao.m in Sources */,
				30DC8B8C1D864AAB00625120 /* UIImage+UIImageEx.m in Sources */,
				3022692B1D82B1CB00493AD0 /* NSString+StringEx.m in Sources */,
				302269231D82A6B200493AD0 /* ScenicSpotInfo.m in Sources */,
				3012F29A1D87E0950041E015 /* ZTQDailyWeatherInfo.m in Sources */,
				30DC8B961D86B4A200625120 /* ZTQBasicWeatherInfo.m in Sources */,
				3022691A1D82857F00493AD0 /* ProvinceDao.m in Sources */,
				3012F2A31D87E6B30041E015 /* ZTQSuggestionInfo.m in Sources */,
				30AA45AD1D59D0FF00EAAEC5 /* main.m in Sources */,
				302269281D82B06300493AD0 /* UIAlertController+CustomAlert.m in Sources */,
				302269051D82522A00493AD0 /* ProvinceModel.m in Sources */,
				30DC8B801D8644B200625120 /* ZTQScenicWeatherInfo.m in Sources */,
				3012F2971D87E01D0041E015 /* ZTQAqiModel.m in Sources */,
				302269021D82521900493AD0 /* CityModel.m in Sources */,
				302269171D827FB700493AD0 /* CityDao.m in Sources */,
				3010AB3B1D88DAAC006567FE /* MyCollectionViewLayout.m in Sources */,
				3012F28E1D8791700041E015 /* UILabel+UILableEx.m in Sources */,
				30DC8B891D8649BB00625120 /* ZTQTabBar.m in Sources */,
				3010AB801D891F6D006567FE /* ChineseToPinyin.m in Sources */,
				3012F29D1D87E4EC0041E015 /* ZTQHourlyWeatherInfo.m in Sources */,
				30DC8B771D86448000625120 /* ZTQFutureWeatherInfo.m in Sources */,
				302269201D82A05C00493AD0 /* CityInfo.m in Sources */,
				300592FD1D921758001F7D61 /* CustomIndexView.m in Sources */,
				302268FB1D824E3500493AD0 /* MyDbUtil.m in Sources */,
				30DC8B7C1D86449800625120 /* ZTQLifeInfo.m in Sources */,
			);
			runOnlyForDeploymentPostprocessing = 0;
		};
		30AA45BD1D59D0FF00EAAEC5 /* Sources */ = {
			isa = PBXSourcesBuildPhase;
			buildActionMask = 2147483647;
			files = (
				30AA45C61D59D0FF00EAAEC5 /* ZTQTests.m in Sources */,
			);
			runOnlyForDeploymentPostprocessing = 0;
		};
		30AA45C81D59D0FF00EAAEC5 /* Sources */ = {
			isa = PBXSourcesBuildPhase;
			buildActionMask = 2147483647;
			files = (
				30AA45D11D59D0FF00EAAEC5 /* ZTQUITests.m in Sources */,
			);
			runOnlyForDeploymentPostprocessing = 0;
		};
/* End PBXSourcesBuildPhase section */

/* Begin PBXTargetDependency section */
		30AA45C31D59D0FF00EAAEC5 /* PBXTargetDependency */ = {
			isa = PBXTargetDependency;
			target = 30AA45A71D59D0FF00EAAEC5 /* ZTQ */;
			targetProxy = 30AA45C21D59D0FF00EAAEC5 /* PBXContainerItemProxy */;
		};
		30AA45CE1D59D0FF00EAAEC5 /* PBXTargetDependency */ = {
			isa = PBXTargetDependency;
			target = 30AA45A71D59D0FF00EAAEC5 /* ZTQ */;
			targetProxy = 30AA45CD1D59D0FF00EAAEC5 /* PBXContainerItemProxy */;
		};
/* End PBXTargetDependency section */

/* Begin PBXVariantGroup section */
		30AA45B41D59D0FF00EAAEC5 /* Main.storyboard */ = {
			isa = PBXVariantGroup;
			children = (
				30AA45B51D59D0FF00EAAEC5 /* Base */,
			);
			name = Main.storyboard;
			sourceTree = "<group>";
		};
		30AA45B91D59D0FF00EAAEC5 /* LaunchScreen.storyboard */ = {
			isa = PBXVariantGroup;
			children = (
				30AA45BA1D59D0FF00EAAEC5 /* Base */,
			);
			name = LaunchScreen.storyboard;
			sourceTree = "<group>";
		};
/* End PBXVariantGroup section */

/* Begin XCBuildConfiguration section */
		30AA45D31D59D0FF00EAAEC5 /* Debug */ = {
			isa = XCBuildConfiguration;
			buildSettings = {
				ALWAYS_SEARCH_USER_PATHS = NO;
				CLANG_ANALYZER_NONNULL = YES;
				CLANG_CXX_LANGUAGE_STANDARD = "gnu++0x";
				CLANG_CXX_LIBRARY = "libc++";
				CLANG_ENABLE_MODULES = YES;
				CLANG_ENABLE_OBJC_ARC = YES;
				CLANG_WARN_BOOL_CONVERSION = YES;
				CLANG_WARN_CONSTANT_CONVERSION = YES;
				CLANG_WARN_DIRECT_OBJC_ISA_USAGE = YES_ERROR;
				CLANG_WARN_EMPTY_BODY = YES;
				CLANG_WARN_ENUM_CONVERSION = YES;
				CLANG_WARN_INT_CONVERSION = YES;
				CLANG_WARN_OBJC_ROOT_CLASS = YES_ERROR;
				CLANG_WARN_UNREACHABLE_CODE = YES;
				CLANG_WARN__DUPLICATE_METHOD_MATCH = YES;
				"CODE_SIGN_IDENTITY[sdk=iphoneos*]" = "iPhone Developer";
				COPY_PHASE_STRIP = NO;
				DEBUG_INFORMATION_FORMAT = dwarf;
				ENABLE_STRICT_OBJC_MSGSEND = YES;
				ENABLE_TESTABILITY = YES;
				GCC_C_LANGUAGE_STANDARD = gnu99;
				GCC_DYNAMIC_NO_PIC = NO;
				GCC_NO_COMMON_BLOCKS = YES;
				GCC_OPTIMIZATION_LEVEL = 0;
				GCC_PREPROCESSOR_DEFINITIONS = (
					"DEBUG=1",
					"$(inherited)",
				);
				GCC_WARN_64_TO_32_BIT_CONVERSION = YES;
				GCC_WARN_ABOUT_RETURN_TYPE = YES_ERROR;
				GCC_WARN_UNDECLARED_SELECTOR = YES;
				GCC_WARN_UNINITIALIZED_AUTOS = YES_AGGRESSIVE;
				GCC_WARN_UNUSED_FUNCTION = YES;
				GCC_WARN_UNUSED_VARIABLE = YES;
				IPHONEOS_DEPLOYMENT_TARGET = 9.3;
				MTL_ENABLE_DEBUG_INFO = YES;
				ONLY_ACTIVE_ARCH = YES;
				SDKROOT = iphoneos;
			};
			name = Debug;
		};
		30AA45D41D59D0FF00EAAEC5 /* Release */ = {
			isa = XCBuildConfiguration;
			buildSettings = {
				ALWAYS_SEARCH_USER_PATHS = NO;
				CLANG_ANALYZER_NONNULL = YES;
				CLANG_CXX_LANGUAGE_STANDARD = "gnu++0x";
				CLANG_CXX_LIBRARY = "libc++";
				CLANG_ENABLE_MODULES = YES;
				CLANG_ENABLE_OBJC_ARC = YES;
				CLANG_WARN_BOOL_CONVERSION = YES;
				CLANG_WARN_CONSTANT_CONVERSION = YES;
				CLANG_WARN_DIRECT_OBJC_ISA_USAGE = YES_ERROR;
				CLANG_WARN_EMPTY_BODY = YES;
				CLANG_WARN_ENUM_CONVERSION = YES;
				CLANG_WARN_INT_CONVERSION = YES;
				CLANG_WARN_OBJC_ROOT_CLASS = YES_ERROR;
				CLANG_WARN_UNREACHABLE_CODE = YES;
				CLANG_WARN__DUPLICATE_METHOD_MATCH = YES;
				"CODE_SIGN_IDENTITY[sdk=iphoneos*]" = "iPhone Developer";
				COPY_PHASE_STRIP = NO;
				DEBUG_INFORMATION_FORMAT = "dwarf-with-dsym";
				ENABLE_NS_ASSERTIONS = NO;
				ENABLE_STRICT_OBJC_MSGSEND = YES;
				GCC_C_LANGUAGE_STANDARD = gnu99;
				GCC_NO_COMMON_BLOCKS = YES;
				GCC_WARN_64_TO_32_BIT_CONVERSION = YES;
				GCC_WARN_ABOUT_RETURN_TYPE = YES_ERROR;
				GCC_WARN_UNDECLARED_SELECTOR = YES;
				GCC_WARN_UNINITIALIZED_AUTOS = YES_AGGRESSIVE;
				GCC_WARN_UNUSED_FUNCTION = YES;
				GCC_WARN_UNUSED_VARIABLE = YES;
				IPHONEOS_DEPLOYMENT_TARGET = 9.3;
				MTL_ENABLE_DEBUG_INFO = NO;
				SDKROOT = iphoneos;
				VALIDATE_PRODUCT = YES;
			};
			name = Release;
		};
		30AA45D61D59D0FF00EAAEC5 /* Debug */ = {
			isa = XCBuildConfiguration;
			baseConfigurationReference = A6BC6C76ACD09CE7DD0B0402 /* Pods.debug.xcconfig */;
			buildSettings = {
				ASSETCATALOG_COMPILER_APPICON_NAME = AppIcon;
				ASSETCATALOG_COMPILER_LAUNCHIMAGE_NAME = LaunchImage;
				CODE_SIGN_IDENTITY = "iPhone Developer";
				GCC_PRECOMPILE_PREFIX_HEADER = YES;
				GCC_PREFIX_HEADER = ZTQ/ZTQPrefixHeader.pch;
				INFOPLIST_FILE = ZTQ/Info.plist;
				LD_RUNPATH_SEARCH_PATHS = "$(inherited) @executable_path/Frameworks";
				PRODUCT_BUNDLE_IDENTIFIER = com.yh.ZTQ;
				PRODUCT_NAME = "$(TARGET_NAME)";
			};
			name = Debug;
		};
		30AA45D71D59D0FF00EAAEC5 /* Release */ = {
			isa = XCBuildConfiguration;
			baseConfigurationReference = F2E3D480E713E6DE8206CF37 /* Pods.release.xcconfig */;
			buildSettings = {
				ASSETCATALOG_COMPILER_APPICON_NAME = AppIcon;
				ASSETCATALOG_COMPILER_LAUNCHIMAGE_NAME = LaunchImage;
				CODE_SIGN_IDENTITY = "iPhone Developer";
				GCC_PRECOMPILE_PREFIX_HEADER = YES;
				GCC_PREFIX_HEADER = ZTQ/ZTQPrefixHeader.pch;
				INFOPLIST_FILE = ZTQ/Info.plist;
				LD_RUNPATH_SEARCH_PATHS = "$(inherited) @executable_path/Frameworks";
				PRODUCT_BUNDLE_IDENTIFIER = com.yh.ZTQ;
				PRODUCT_NAME = "$(TARGET_NAME)";
			};
			name = Release;
		};
		30AA45D91D59D0FF00EAAEC5 /* Debug */ = {
			isa = XCBuildConfiguration;
			buildSettings = {
				BUNDLE_LOADER = "$(TEST_HOST)";
				INFOPLIST_FILE = ZTQTests/Info.plist;
				LD_RUNPATH_SEARCH_PATHS = "$(inherited) @executable_path/Frameworks @loader_path/Frameworks";
				PRODUCT_BUNDLE_IDENTIFIER = com.yh.ZTQTests;
				PRODUCT_NAME = "$(TARGET_NAME)";
				TEST_HOST = "$(BUILT_PRODUCTS_DIR)/ZTQ.app/ZTQ";
			};
			name = Debug;
		};
		30AA45DA1D59D0FF00EAAEC5 /* Release */ = {
			isa = XCBuildConfiguration;
			buildSettings = {
				BUNDLE_LOADER = "$(TEST_HOST)";
				INFOPLIST_FILE = ZTQTests/Info.plist;
				LD_RUNPATH_SEARCH_PATHS = "$(inherited) @executable_path/Frameworks @loader_path/Frameworks";
				PRODUCT_BUNDLE_IDENTIFIER = com.yh.ZTQTests;
				PRODUCT_NAME = "$(TARGET_NAME)";
				TEST_HOST = "$(BUILT_PRODUCTS_DIR)/ZTQ.app/ZTQ";
			};
			name = Release;
		};
		30AA45DC1D59D0FF00EAAEC5 /* Debug */ = {
			isa = XCBuildConfiguration;
			buildSettings = {
				INFOPLIST_FILE = ZTQUITests/Info.plist;
				LD_RUNPATH_SEARCH_PATHS = "$(inherited) @executable_path/Frameworks @loader_path/Frameworks";
				PRODUCT_BUNDLE_IDENTIFIER = com.yh.ZTQUITests;
				PRODUCT_NAME = "$(TARGET_NAME)";
				TEST_TARGET_NAME = ZTQ;
			};
			name = Debug;
		};
		30AA45DD1D59D0FF00EAAEC5 /* Release */ = {
			isa = XCBuildConfiguration;
			buildSettings = {
				INFOPLIST_FILE = ZTQUITests/Info.plist;
				LD_RUNPATH_SEARCH_PATHS = "$(inherited) @executable_path/Frameworks @loader_path/Frameworks";
				PRODUCT_BUNDLE_IDENTIFIER = com.yh.ZTQUITests;
				PRODUCT_NAME = "$(TARGET_NAME)";
				TEST_TARGET_NAME = ZTQ;
			};
			name = Release;
		};
/* End XCBuildConfiguration section */

/* Begin XCConfigurationList section */
		30AA45A31D59D0FF00EAAEC5 /* Build configuration list for PBXProject "ZTQ" */ = {
			isa = XCConfigurationList;
			buildConfigurations = (
				30AA45D31D59D0FF00EAAEC5 /* Debug */,
				30AA45D41D59D0FF00EAAEC5 /* Release */,
			);
			defaultConfigurationIsVisible = 0;
			defaultConfigurationName = Release;
		};
		30AA45D51D59D0FF00EAAEC5 /* Build configuration list for PBXNativeTarget "ZTQ" */ = {
			isa = XCConfigurationList;
			buildConfigurations = (
				30AA45D61D59D0FF00EAAEC5 /* Debug */,
				30AA45D71D59D0FF00EAAEC5 /* Release */,
			);
			defaultConfigurationIsVisible = 0;
			defaultConfigurationName = Release;
		};
		30AA45D81D59D0FF00EAAEC5 /* Build configuration list for PBXNativeTarget "ZTQTests" */ = {
			isa = XCConfigurationList;
			buildConfigurations = (
				30AA45D91D59D0FF00EAAEC5 /* Debug */,
				30AA45DA1D59D0FF00EAAEC5 /* Release */,
			);
			defaultConfigurationIsVisible = 0;
			defaultConfigurationName = Release;
		};
		30AA45DB1D59D0FF00EAAEC5 /* Build configuration list for PBXNativeTarget "ZTQUITests" */ = {
			isa = XCConfigurationList;
			buildConfigurations = (
				30AA45DC1D59D0FF00EAAEC5 /* Debug */,
				30AA45DD1D59D0FF00EAAEC5 /* Release */,
			);
			defaultConfigurationIsVisible = 0;
			defaultConfigurationName = Release;
		};
/* End XCConfigurationList section */
	};
	rootObject = 30AA45A01D59D0FF00EAAEC5 /* Project object */;
}
